PODS:
  - awesome_notifications (0.0.5):
    - Flutter
    - IosAwnCore (= 0.7.3)
  - Flutter (1.0.0)
  - flutter_config (0.0.1):
    - Flutter
  - flutter_fgbg (0.0.1):
    - Flutter
  - flutter_native_timezone (0.0.1):
    - Flutter
  - IosAwnCore (0.7.3)
  - shared_preferences_ios (0.0.1):
    - Flutter
  - url_launcher_ios (0.0.1):
    - Flutter

DEPENDENCIES:
  - awesome_notifications (from `.symlinks/plugins/awesome_notifications/ios`)
  - Flutter (from `Flutter`)
  - flutter_config (from `.symlinks/plugins/flutter_config/ios`)
  - flutter_fgbg (from `.symlinks/plugins/flutter_fgbg/ios`)
  - flutter_native_timezone (from `.symlinks/plugins/flutter_native_timezone/ios`)
  - shared_preferences_ios (from `.symlinks/plugins/shared_preferences_ios/ios`)
  - url_launcher_ios (from `.symlinks/plugins/url_launcher_ios/ios`)

SPEC REPOS:
  trunk:
    - IosAwnCore

EXTERNAL SOURCES:
  awesome_notifications:
    :path: ".symlinks/plugins/awesome_notifications/ios"
  Flutter:
    :path: Flutter
  flutter_config:
    :path: ".symlinks/plugins/flutter_config/ios"
  flutter_fgbg:
    :path: ".symlinks/plugins/flutter_fgbg/ios"
  flutter_native_timezone:
    :path: ".symlinks/plugins/flutter_native_timezone/ios"
  shared_preferences_ios:
    :path: ".symlinks/plugins/shared_preferences_ios/ios"
  url_launcher_ios:
    :path: ".symlinks/plugins/url_launcher_ios/ios"

SPEC CHECKSUMS:
  awesome_notifications: d63d9a25f126860f9a600850d99772237895b3ba
  Flutter: f04841e97a9d0b0a8025694d0796dd46242b2854
  flutter_config: 2226c1df19c78fe34a05eb7f1363445f18e76fc1
  flutter_fgbg: 31c0d1140a131daea2d342121808f6aa0dcd879d
  flutter_native_timezone: 5f05b2de06c9776b4cc70e1839f03de178394d22
  IosAwnCore: 6494e0e174d49f04f513e8a002187be226889a37
  shared_preferences_ios: 548a61f8053b9b8a49ac19c1ffbc8b92c50d68ad
  url_launcher_ios: 839c58cdb4279282219f5e248c3321761ff3c4de

PODFILE CHECKSUM: f10c0438b63bc24e6bbc207956dc27d16c4408f2

COCOAPODS: 1.11.3
